{
  "requires": true,
  "lockfileVersion": 1,
  "dependencies": {
    "cordova-plugin-googlemaps": {
      "version": "2.2.3",
      "resolved": "https://registry.npmjs.org/cordova-plugin-googlemaps/-/cordova-plugin-googlemaps-2.2.3.tgz",
      "integrity": "sha512-rmoZpuoDeAw8hiigw9u+RbhOmDDHFYr8/H+gCAcasOPM6bbsvt2BG0eIbXcxR5etQOqIKSOanqf3l25R0WKyDQ=="
    }
  }
}
